
Microsoft Visual Studio Solution File, Format Version 12.00
# Visual Studio Version 17
VisualStudioVersion = 17.11.35312.102
MinimumVisualStudioVersion = 10.0.40219.1
Project("{8BC9CEB8-8B4A-11D0-8D11-00A0C91BC942}") = "VulkanGraphics", "VulkanGraphics.vcxproj", "{BFB7D5F9-F9E2-41F5-8ECB-BFFAF50712BF}"
EndProject
Project("{8BC9CEB8-8B4A-11D0-8D11-00A0C91BC942}") = "VoxelEngineVulkan", "..\VoxelEngineVulkan\VoxelEngineVulkan.vcxproj", "{877F8C21-33C6-4E4D-B45D-36284CD2D094}"
	ProjectSection(ProjectDependencies) = postProject
		{BFB7D5F9-F9E2-41F5-8ECB-BFFAF50712BF} = {BFB7D5F9-F9E2-41F5-8ECB-BFFAF50712BF}
	EndProjectSection
EndProject
Global
	GlobalSection(SolutionConfigurationPlatforms) = preSolution
		Debug|x64 = Debug|x64
		Debug|x86 = Debug|x86
		Release|x64 = Release|x64
		Release|x86 = Release|x86
	EndGlobalSection
	GlobalSection(ProjectConfigurationPlatforms) = postSolution
		{BFB7D5F9-F9E2-41F5-8ECB-BFFAF50712BF}.Debug|x64.ActiveCfg = Debug|x64
		{BFB7D5F9-F9E2-41F5-8ECB-BFFAF50712BF}.Debug|x64.Build.0 = Debug|x64
		{BFB7D5F9-F9E2-41F5-8ECB-BFFAF50712BF}.Debug|x86.ActiveCfg = Debug|Win32
		{BFB7D5F9-F9E2-41F5-8ECB-BFFAF50712BF}.Debug|x86.Build.0 = Debug|Win32
		{BFB7D5F9-F9E2-41F5-8ECB-BFFAF50712BF}.Release|x64.ActiveCfg = Release|x64
		{BFB7D5F9-F9E2-41F5-8ECB-BFFAF50712BF}.Release|x64.Build.0 = Release|x64
		{BFB7D5F9-F9E2-41F5-8ECB-BFFAF50712BF}.Release|x86.ActiveCfg = Release|Win32
		{BFB7D5F9-F9E2-41F5-8ECB-BFFAF50712BF}.Release|x86.Build.0 = Release|Win32
		{877F8C21-33C6-4E4D-B45D-36284CD2D094}.Debug|x64.ActiveCfg = Debug|x64
		{877F8C21-33C6-4E4D-B45D-36284CD2D094}.Debug|x64.Build.0 = Debug|x64
		{877F8C21-33C6-4E4D-B45D-36284CD2D094}.Debug|x86.ActiveCfg = Debug|Win32
		{877F8C21-33C6-4E4D-B45D-36284CD2D094}.Debug|x86.Build.0 = Debug|Win32
		{877F8C21-33C6-4E4D-B45D-36284CD2D094}.Release|x64.ActiveCfg = Release|x64
		{877F8C21-33C6-4E4D-B45D-36284CD2D094}.Release|x64.Build.0 = Release|x64
		{877F8C21-33C6-4E4D-B45D-36284CD2D094}.Release|x86.ActiveCfg = Release|Win32
		{877F8C21-33C6-4E4D-B45D-36284CD2D094}.Release|x86.Build.0 = Release|Win32
	EndGlobalSection
	GlobalSection(SolutionProperties) = preSolution
		HideSolutionNode = FALSE
	EndGlobalSection
	GlobalSection(ExtensibilityGlobals) = postSolution
		SolutionGuid = {DE105CC3-8612-4145-B0FC-84BFC2DF2D1E}
	EndGlobalSection
EndGlobal
